
Microsoft Visual Studio Solution File, Format Version 12.00
# Visual Studio Version 16
VisualStudioVersion = 16.0.30114.105
MinimumVisualStudioVersion = 10.0.40219.1
Project("{FAE04EC0-301F-11D3-BF4B-00C04F79EFBC}") = "NiceTruck.Web", "NiceTruck.Web\NiceTruck.Web.csproj", "{55F41A2A-E983-4841-8357-4928FE7D2418}"
EndProject
Project("{FAE04EC0-301F-11D3-BF4B-00C04F79EFBC}") = "NiceTruck.Domain", "NiceTruck.Domain\NiceTruck.Domain.csproj", "{5DD0E431-B8D2-4A11-822D-54F5E530C4EF}"
EndProject
Project("{FAE04EC0-301F-11D3-BF4B-00C04F79EFBC}") = "NiceTruck.Repository", "NiceTruck.Repository\NiceTruck.Repository.csproj", "{416D49B5-1910-4331-8855-13360289730C}"
EndProject
Project("{FAE04EC0-301F-11D3-BF4B-00C04F79EFBC}") = "NiceTruck.Application", "NiceTruck.Application\NiceTruck.Application.csproj", "{D229402F-C409-4EB0-8387-A2AF64568A55}"
EndProject
Project("{FAE04EC0-301F-11D3-BF4B-00C04F79EFBC}") = "NiceTruck.IoC", "NiceTruck.IoC\NiceTruck.IoC.csproj", "{5AAF7BB9-9A70-4498-A3C3-E127152DBABB}"
EndProject
Project("{FAE04EC0-301F-11D3-BF4B-00C04F79EFBC}") = "NiceTruck.Tests", "NiceTruck.Tests\NiceTruck.Tests.csproj", "{A14ACD03-4742-474B-B9D2-1CCA5799DA80}"
EndProject
Global
	GlobalSection(SolutionConfigurationPlatforms) = preSolution
		Debug|Any CPU = Debug|Any CPU
		Debug|x64 = Debug|x64
		Debug|x86 = Debug|x86
		Release|Any CPU = Release|Any CPU
		Release|x64 = Release|x64
		Release|x86 = Release|x86
	EndGlobalSection
	GlobalSection(SolutionProperties) = preSolution
		HideSolutionNode = FALSE
	EndGlobalSection
	GlobalSection(ProjectConfigurationPlatforms) = postSolution
		{55F41A2A-E983-4841-8357-4928FE7D2418}.Debug|Any CPU.ActiveCfg = Debug|Any CPU
		{55F41A2A-E983-4841-8357-4928FE7D2418}.Debug|Any CPU.Build.0 = Debug|Any CPU
		{55F41A2A-E983-4841-8357-4928FE7D2418}.Debug|x64.ActiveCfg = Debug|Any CPU
		{55F41A2A-E983-4841-8357-4928FE7D2418}.Debug|x64.Build.0 = Debug|Any CPU
		{55F41A2A-E983-4841-8357-4928FE7D2418}.Debug|x86.ActiveCfg = Debug|Any CPU
		{55F41A2A-E983-4841-8357-4928FE7D2418}.Debug|x86.Build.0 = Debug|Any CPU
		{55F41A2A-E983-4841-8357-4928FE7D2418}.Release|Any CPU.ActiveCfg = Release|Any CPU
		{55F41A2A-E983-4841-8357-4928FE7D2418}.Release|Any CPU.Build.0 = Release|Any CPU
		{55F41A2A-E983-4841-8357-4928FE7D2418}.Release|x64.ActiveCfg = Release|Any CPU
		{55F41A2A-E983-4841-8357-4928FE7D2418}.Release|x64.Build.0 = Release|Any CPU
		{55F41A2A-E983-4841-8357-4928FE7D2418}.Release|x86.ActiveCfg = Release|Any CPU
		{55F41A2A-E983-4841-8357-4928FE7D2418}.Release|x86.Build.0 = Release|Any CPU
		{5DD0E431-B8D2-4A11-822D-54F5E530C4EF}.Debug|Any CPU.ActiveCfg = Debug|Any CPU
		{5DD0E431-B8D2-4A11-822D-54F5E530C4EF}.Debug|Any CPU.Build.0 = Debug|Any CPU
		{5DD0E431-B8D2-4A11-822D-54F5E530C4EF}.Debug|x64.ActiveCfg = Debug|Any CPU
		{5DD0E431-B8D2-4A11-822D-54F5E530C4EF}.Debug|x64.Build.0 = Debug|Any CPU
		{5DD0E431-B8D2-4A11-822D-54F5E530C4EF}.Debug|x86.ActiveCfg = Debug|Any CPU
		{5DD0E431-B8D2-4A11-822D-54F5E530C4EF}.Debug|x86.Build.0 = Debug|Any CPU
		{5DD0E431-B8D2-4A11-822D-54F5E530C4EF}.Release|Any CPU.ActiveCfg = Release|Any CPU
		{5DD0E431-B8D2-4A11-822D-54F5E530C4EF}.Release|Any CPU.Build.0 = Release|Any CPU
		{5DD0E431-B8D2-4A11-822D-54F5E530C4EF}.Release|x64.ActiveCfg = Release|Any CPU
		{5DD0E431-B8D2-4A11-822D-54F5E530C4EF}.Release|x64.Build.0 = Release|Any CPU
		{5DD0E431-B8D2-4A11-822D-54F5E530C4EF}.Release|x86.ActiveCfg = Release|Any CPU
		{5DD0E431-B8D2-4A11-822D-54F5E530C4EF}.Release|x86.Build.0 = Release|Any CPU
		{416D49B5-1910-4331-8855-13360289730C}.Debug|Any CPU.ActiveCfg = Debug|Any CPU
		{416D49B5-1910-4331-8855-13360289730C}.Debug|Any CPU.Build.0 = Debug|Any CPU
		{416D49B5-1910-4331-8855-13360289730C}.Debug|x64.ActiveCfg = Debug|Any CPU
		{416D49B5-1910-4331-8855-13360289730C}.Debug|x64.Build.0 = Debug|Any CPU
		{416D49B5-1910-4331-8855-13360289730C}.Debug|x86.ActiveCfg = Debug|Any CPU
		{416D49B5-1910-4331-8855-13360289730C}.Debug|x86.Build.0 = Debug|Any CPU
		{416D49B5-1910-4331-8855-13360289730C}.Release|Any CPU.ActiveCfg = Release|Any CPU
		{416D49B5-1910-4331-8855-13360289730C}.Release|Any CPU.Build.0 = Release|Any CPU
		{416D49B5-1910-4331-8855-13360289730C}.Release|x64.ActiveCfg = Release|Any CPU
		{416D49B5-1910-4331-8855-13360289730C}.Release|x64.Build.0 = Release|Any CPU
		{416D49B5-1910-4331-8855-13360289730C}.Release|x86.ActiveCfg = Release|Any CPU
		{416D49B5-1910-4331-8855-13360289730C}.Release|x86.Build.0 = Release|Any CPU
		{D229402F-C409-4EB0-8387-A2AF64568A55}.Debug|Any CPU.ActiveCfg = Debug|Any CPU
		{D229402F-C409-4EB0-8387-A2AF64568A55}.Debug|Any CPU.Build.0 = Debug|Any CPU
		{D229402F-C409-4EB0-8387-A2AF64568A55}.Debug|x64.ActiveCfg = Debug|Any CPU
		{D229402F-C409-4EB0-8387-A2AF64568A55}.Debug|x64.Build.0 = Debug|Any CPU
		{D229402F-C409-4EB0-8387-A2AF64568A55}.Debug|x86.ActiveCfg = Debug|Any CPU
		{D229402F-C409-4EB0-8387-A2AF64568A55}.Debug|x86.Build.0 = Debug|Any CPU
		{D229402F-C409-4EB0-8387-A2AF64568A55}.Release|Any CPU.ActiveCfg = Release|Any CPU
		{D229402F-C409-4EB0-8387-A2AF64568A55}.Release|Any CPU.Build.0 = Release|Any CPU
		{D229402F-C409-4EB0-8387-A2AF64568A55}.Release|x64.ActiveCfg = Release|Any CPU
		{D229402F-C409-4EB0-8387-A2AF64568A55}.Release|x64.Build.0 = Release|Any CPU
		{D229402F-C409-4EB0-8387-A2AF64568A55}.Release|x86.ActiveCfg = Release|Any CPU
		{D229402F-C409-4EB0-8387-A2AF64568A55}.Release|x86.Build.0 = Release|Any CPU
		{5AAF7BB9-9A70-4498-A3C3-E127152DBABB}.Debug|Any CPU.ActiveCfg = Debug|Any CPU
		{5AAF7BB9-9A70-4498-A3C3-E127152DBABB}.Debug|Any CPU.Build.0 = Debug|Any CPU
		{5AAF7BB9-9A70-4498-A3C3-E127152DBABB}.Debug|x64.ActiveCfg = Debug|Any CPU
		{5AAF7BB9-9A70-4498-A3C3-E127152DBABB}.Debug|x64.Build.0 = Debug|Any CPU
		{5AAF7BB9-9A70-4498-A3C3-E127152DBABB}.Debug|x86.ActiveCfg = Debug|Any CPU
		{5AAF7BB9-9A70-4498-A3C3-E127152DBABB}.Debug|x86.Build.0 = Debug|Any CPU
		{5AAF7BB9-9A70-4498-A3C3-E127152DBABB}.Release|Any CPU.ActiveCfg = Release|Any CPU
		{5AAF7BB9-9A70-4498-A3C3-E127152DBABB}.Release|Any CPU.Build.0 = Release|Any CPU
		{5AAF7BB9-9A70-4498-A3C3-E127152DBABB}.Release|x64.ActiveCfg = Release|Any CPU
		{5AAF7BB9-9A70-4498-A3C3-E127152DBABB}.Release|x64.Build.0 = Release|Any CPU
		{5AAF7BB9-9A70-4498-A3C3-E127152DBABB}.Release|x86.ActiveCfg = Release|Any CPU
		{5AAF7BB9-9A70-4498-A3C3-E127152DBABB}.Release|x86.Build.0 = Release|Any CPU
		{36D5752C-F3DD-4D7A-A139-96C97A5271B2}.Debug|Any CPU.ActiveCfg = Debug|Any CPU
		{36D5752C-F3DD-4D7A-A139-96C97A5271B2}.Debug|Any CPU.Build.0 = Debug|Any CPU
		{36D5752C-F3DD-4D7A-A139-96C97A5271B2}.Debug|x64.ActiveCfg = Debug|Any CPU
		{36D5752C-F3DD-4D7A-A139-96C97A5271B2}.Debug|x64.Build.0 = Debug|Any CPU
		{36D5752C-F3DD-4D7A-A139-96C97A5271B2}.Debug|x86.ActiveCfg = Debug|Any CPU
		{36D5752C-F3DD-4D7A-A139-96C97A5271B2}.Debug|x86.Build.0 = Debug|Any CPU
		{36D5752C-F3DD-4D7A-A139-96C97A5271B2}.Release|Any CPU.ActiveCfg = Release|Any CPU
		{36D5752C-F3DD-4D7A-A139-96C97A5271B2}.Release|Any CPU.Build.0 = Release|Any CPU
		{36D5752C-F3DD-4D7A-A139-96C97A5271B2}.Release|x64.ActiveCfg = Release|Any CPU
		{36D5752C-F3DD-4D7A-A139-96C97A5271B2}.Release|x64.Build.0 = Release|Any CPU
		{36D5752C-F3DD-4D7A-A139-96C97A5271B2}.Release|x86.ActiveCfg = Release|Any CPU
		{36D5752C-F3DD-4D7A-A139-96C97A5271B2}.Release|x86.Build.0 = Release|Any CPU
		{0927ACB7-8F8A-4D65-84F3-27DD4AD7CBB4}.Debug|Any CPU.ActiveCfg = Debug|Any CPU
		{0927ACB7-8F8A-4D65-84F3-27DD4AD7CBB4}.Debug|Any CPU.Build.0 = Debug|Any CPU
		{0927ACB7-8F8A-4D65-84F3-27DD4AD7CBB4}.Debug|x64.ActiveCfg = Debug|Any CPU
		{0927ACB7-8F8A-4D65-84F3-27DD4AD7CBB4}.Debug|x64.Build.0 = Debug|Any CPU
		{0927ACB7-8F8A-4D65-84F3-27DD4AD7CBB4}.Debug|x86.ActiveCfg = Debug|Any CPU
		{0927ACB7-8F8A-4D65-84F3-27DD4AD7CBB4}.Debug|x86.Build.0 = Debug|Any CPU
		{0927ACB7-8F8A-4D65-84F3-27DD4AD7CBB4}.Release|Any CPU.ActiveCfg = Release|Any CPU
		{0927ACB7-8F8A-4D65-84F3-27DD4AD7CBB4}.Release|Any CPU.Build.0 = Release|Any CPU
		{0927ACB7-8F8A-4D65-84F3-27DD4AD7CBB4}.Release|x64.ActiveCfg = Release|Any CPU
		{0927ACB7-8F8A-4D65-84F3-27DD4AD7CBB4}.Release|x64.Build.0 = Release|Any CPU
		{0927ACB7-8F8A-4D65-84F3-27DD4AD7CBB4}.Release|x86.ActiveCfg = Release|Any CPU
		{0927ACB7-8F8A-4D65-84F3-27DD4AD7CBB4}.Release|x86.Build.0 = Release|Any CPU
		{16B0BD4A-C463-4F68-9A7D-F99DE57935A5}.Debug|Any CPU.ActiveCfg = Debug|Any CPU
		{16B0BD4A-C463-4F68-9A7D-F99DE57935A5}.Debug|Any CPU.Build.0 = Debug|Any CPU
		{16B0BD4A-C463-4F68-9A7D-F99DE57935A5}.Debug|x64.ActiveCfg = Debug|Any CPU
		{16B0BD4A-C463-4F68-9A7D-F99DE57935A5}.Debug|x64.Build.0 = Debug|Any CPU
		{16B0BD4A-C463-4F68-9A7D-F99DE57935A5}.Debug|x86.ActiveCfg = Debug|Any CPU
		{16B0BD4A-C463-4F68-9A7D-F99DE57935A5}.Debug|x86.Build.0 = Debug|Any CPU
		{16B0BD4A-C463-4F68-9A7D-F99DE57935A5}.Release|Any CPU.ActiveCfg = Release|Any CPU
		{16B0BD4A-C463-4F68-9A7D-F99DE57935A5}.Release|Any CPU.Build.0 = Release|Any CPU
		{16B0BD4A-C463-4F68-9A7D-F99DE57935A5}.Release|x64.ActiveCfg = Release|Any CPU
		{16B0BD4A-C463-4F68-9A7D-F99DE57935A5}.Release|x64.Build.0 = Release|Any CPU
		{16B0BD4A-C463-4F68-9A7D-F99DE57935A5}.Release|x86.ActiveCfg = Release|Any CPU
		{16B0BD4A-C463-4F68-9A7D-F99DE57935A5}.Release|x86.Build.0 = Release|Any CPU
		{17ED9288-B246-4277-A550-7EE4A093339F}.Debug|Any CPU.ActiveCfg = Debug|Any CPU
		{17ED9288-B246-4277-A550-7EE4A093339F}.Debug|Any CPU.Build.0 = Debug|Any CPU
		{17ED9288-B246-4277-A550-7EE4A093339F}.Debug|x64.ActiveCfg = Debug|Any CPU
		{17ED9288-B246-4277-A550-7EE4A093339F}.Debug|x64.Build.0 = Debug|Any CPU
		{17ED9288-B246-4277-A550-7EE4A093339F}.Debug|x86.ActiveCfg = Debug|Any CPU
		{17ED9288-B246-4277-A550-7EE4A093339F}.Debug|x86.Build.0 = Debug|Any CPU
		{17ED9288-B246-4277-A550-7EE4A093339F}.Release|Any CPU.ActiveCfg = Release|Any CPU
		{17ED9288-B246-4277-A550-7EE4A093339F}.Release|Any CPU.Build.0 = Release|Any CPU
		{17ED9288-B246-4277-A550-7EE4A093339F}.Release|x64.ActiveCfg = Release|Any CPU
		{17ED9288-B246-4277-A550-7EE4A093339F}.Release|x64.Build.0 = Release|Any CPU
		{17ED9288-B246-4277-A550-7EE4A093339F}.Release|x86.ActiveCfg = Release|Any CPU
		{17ED9288-B246-4277-A550-7EE4A093339F}.Release|x86.Build.0 = Release|Any CPU
		{A14ACD03-4742-474B-B9D2-1CCA5799DA80}.Debug|Any CPU.ActiveCfg = Debug|Any CPU
		{A14ACD03-4742-474B-B9D2-1CCA5799DA80}.Debug|Any CPU.Build.0 = Debug|Any CPU
		{A14ACD03-4742-474B-B9D2-1CCA5799DA80}.Debug|x64.ActiveCfg = Debug|Any CPU
		{A14ACD03-4742-474B-B9D2-1CCA5799DA80}.Debug|x64.Build.0 = Debug|Any CPU
		{A14ACD03-4742-474B-B9D2-1CCA5799DA80}.Debug|x86.ActiveCfg = Debug|Any CPU
		{A14ACD03-4742-474B-B9D2-1CCA5799DA80}.Debug|x86.Build.0 = Debug|Any CPU
		{A14ACD03-4742-474B-B9D2-1CCA5799DA80}.Release|Any CPU.ActiveCfg = Release|Any CPU
		{A14ACD03-4742-474B-B9D2-1CCA5799DA80}.Release|Any CPU.Build.0 = Release|Any CPU
		{A14ACD03-4742-474B-B9D2-1CCA5799DA80}.Release|x64.ActiveCfg = Release|Any CPU
		{A14ACD03-4742-474B-B9D2-1CCA5799DA80}.Release|x64.Build.0 = Release|Any CPU
		{A14ACD03-4742-474B-B9D2-1CCA5799DA80}.Release|x86.ActiveCfg = Release|Any CPU
		{A14ACD03-4742-474B-B9D2-1CCA5799DA80}.Release|x86.Build.0 = Release|Any CPU
	EndGlobalSection
EndGlobal
